
Microsoft Visual Studio Solution File, Format Version 12.00
# Visual Studio Version 16
VisualStudioVersion = 16.0.31911.196
MinimumVisualStudioVersion = 10.0.40219.1
Project("{FAE04EC0-301F-11D3-BF4B-00C04F79EFBC}") = "Vidly", "Vidly.csproj", "{B9863310-D691-4342-91A2-E441109474FC}"
EndProject
Global
	GlobalSection(SolutionConfigurationPlatforms) = preSolution
		Debug|Any CPU = Debug|Any CPU
		Release|Any CPU = Release|Any CPU
	EndGlobalSection
	GlobalSection(ProjectConfigurationPlatforms) = postSolution
		{B9863310-D691-4342-91A2-E441109474FC}.Debug|Any CPU.ActiveCfg = Debug|Any CPU
		{B9863310-D691-4342-91A2-E441109474FC}.Debug|Any CPU.Build.0 = Debug|Any CPU
		{B9863310-D691-4342-91A2-E441109474FC}.Release|Any CPU.ActiveCfg = Release|Any CPU
		{B9863310-D691-4342-91A2-E441109474FC}.Release|Any CPU.Build.0 = Release|Any CPU
	EndGlobalSection
	GlobalSection(SolutionProperties) = preSolution
		HideSolutionNode = FALSE
	EndGlobalSection
	GlobalSection(ExtensibilityGlobals) = postSolution
		SolutionGuid = {87CB1365-7C45-474E-A371-6752A7B9D9CF}
	EndGlobalSection
EndGlobal
